// !$*UTF8*$!
{
	archiveVersion = 1;
	classes = {
	};
	objectVersion = 56;
	objects = {

/* Begin PBXBuildFile section */
		E1ACB2102AF8E1310067F15D /* CustomSDK.docc in Sources */ = {isa = PBXBuildFile; fileRef = E1ACB20F2AF8E1310067F15D /* CustomSDK.docc */; };
		E1ACB2162AF8E1310067F15D /* CustomSDK.framework in Frameworks */ = {isa = PBXBuildFile; fileRef = E1ACB20B2AF8E1310067F15D /* CustomSDK.framework */; };
		E1ACB21B2AF8E1310067F15D /* CustomSDKTests.swift in Sources */ = {isa = PBXBuildFile; fileRef = E1ACB21A2AF8E1310067F15D /* CustomSDKTests.swift */; };
		E1ACB21C2AF8E1310067F15D /* CustomSDK.h in Headers */ = {isa = PBXBuildFile; fileRef = E1ACB20E2AF8E1310067F15D /* CustomSDK.h */; settings = {ATTRIBUTES = (Public, ); }; };
		E1ACB2262AF8E2170067F15D /* CustomSDK.swift in Sources */ = {isa = PBXBuildFile; fileRef = E1ACB2252AF8E2170067F15D /* CustomSDK.swift */; };
		E1ACB2282AF8E7130067F15D /* CustomWebViewController.swift in Sources */ = {isa = PBXBuildFile; fileRef = E1ACB2272AF8E7130067F15D /* CustomWebViewController.swift */; };
		E1ACB22A2AF8FB700067F15D /* CustomSDK.podspec in Resources */ = {isa = PBXBuildFile; fileRef = E1ACB2292AF8FB700067F15D /* CustomSDK.podspec */; };
/* End PBXBuildFile section */

/* Begin PBXContainerItemProxy section */
		E1ACB2172AF8E1310067F15D /* PBXContainerItemProxy */ = {
			isa = PBXContainerItemProxy;
			containerPortal = E1ACB2022AF8E1310067F15D /* Project object */;
			proxyType = 1;
			remoteGlobalIDString = E1ACB20A2AF8E1310067F15D;
			remoteInfo = CustomSDK;
		};
/* End PBXContainerItemProxy section */

/* Begin PBXFileReference section */
		E1ACB20B2AF8E1310067F15D /* CustomSDK.framework */ = {isa = PBXFileReference; explicitFileType = wrapper.framework; includeInIndex = 0; path = CustomSDK.framework; sourceTree = BUILT_PRODUCTS_DIR; };
		E1ACB20E2AF8E1310067F15D /* CustomSDK.h */ = {isa = PBXFileReference; lastKnownFileType = sourcecode.c.h; path = CustomSDK.h; sourceTree = "<group>"; };
		E1ACB20F2AF8E1310067F15D /* CustomSDK.docc */ = {isa = PBXFileReference; lastKnownFileType = folder.documentationcatalog; path = CustomSDK.docc; sourceTree = "<group>"; };
		E1ACB2152AF8E1310067F15D /* CustomSDKTests.xctest */ = {isa = PBXFileReference; explicitFileType = wrapper.cfbundle; includeInIndex = 0; path = CustomSDKTests.xctest; sourceTree = BUILT_PRODUCTS_DIR; };
		E1ACB21A2AF8E1310067F15D /* CustomSDKTests.swift */ = {isa = PBXFileReference; lastKnownFileType = sourcecode.swift; path = CustomSDKTests.swift; sourceTree = "<group>"; };
		E1ACB2252AF8E2170067F15D /* CustomSDK.swift */ = {isa = PBXFileReference; lastKnownFileType = sourcecode.swift; path = CustomSDK.swift; sourceTree = "<group>"; };
		E1ACB2272AF8E7130067F15D /* CustomWebViewController.swift */ = {isa = PBXFileReference; lastKnownFileType = sourcecode.swift; path = CustomWebViewController.swift; sourceTree = "<group>"; };
		E1ACB2292AF8FB700067F15D /* CustomSDK.podspec */ = {isa = PBXFileReference; lastKnownFileType = text; path = CustomSDK.podspec; sourceTree = "<group>"; };
/* End PBXFileReference section */

/* Begin PBXFrameworksBuildPhase section */
		E1ACB2082AF8E1310067F15D /* Frameworks */ = {
			isa = PBXFrameworksBuildPhase;
			buildActionMask = 2147483647;
			files = (
			);
			runOnlyForDeploymentPostprocessing = 0;
		};
		E1ACB2122AF8E1310067F15D /* Frameworks */ = {
			isa = PBXFrameworksBuildPhase;
			buildActionMask = 2147483647;
			files = (
				E1ACB2162AF8E1310067F15D /* CustomSDK.framework in Frameworks */,
			);
			runOnlyForDeploymentPostprocessing = 0;
		};
/* End PBXFrameworksBuildPhase section */

/* Begin PBXGroup section */
		E1ACB2012AF8E1310067F15D = {
			isa = PBXGroup;
			children = (
				E1ACB2292AF8FB700067F15D /* CustomSDK.podspec */,
				E1ACB20D2AF8E1310067F15D /* CustomSDK */,
				E1ACB2192AF8E1310067F15D /* CustomSDKTests */,
				E1ACB20C2AF8E1310067F15D /* Products */,
			);
			sourceTree = "<group>";
		};
		E1ACB20C2AF8E1310067F15D /* Products */ = {
			isa = PBXGroup;
			children = (
				E1ACB20B2AF8E1310067F15D /* CustomSDK.framework */,
				E1ACB2152AF8E1310067F15D /* CustomSDKTests.xctest */,
			);
			name = Products;
			sourceTree = "<group>";
		};
		E1ACB20D2AF8E1310067F15D /* CustomSDK */ = {
			isa = PBXGroup;
			children = (
				E1ACB20E2AF8E1310067F15D /* CustomSDK.h */,
				E1ACB20F2AF8E1310067F15D /* CustomSDK.docc */,
				E1ACB2252AF8E2170067F15D /* CustomSDK.swift */,
				E1ACB2272AF8E7130067F15D /* CustomWebViewController.swift */,
			);
			path = CustomSDK;
			sourceTree = "<group>";
		};
		E1ACB2192AF8E1310067F15D /* CustomSDKTests */ = {
			isa = PBXGroup;
			children = (
				E1ACB21A2AF8E1310067F15D /* CustomSDKTests.swift */,
			);
			path = CustomSDKTests;
			sourceTree = "<group>";
		};
/* End PBXGroup section */

/* Begin PBXHeadersBuildPhase section */
		E1ACB2062AF8E1310067F15D /* Headers */ = {
			isa = PBXHeadersBuildPhase;
			buildActionMask = 2147483647;
			files = (
				E1ACB21C2AF8E1310067F15D /* CustomSDK.h in Headers */,
			);
			runOnlyForDeploymentPostprocessing = 0;
		};
/* End PBXHeadersBuildPhase section */

/* Begin PBXNativeTarget section */
		E1ACB20A2AF8E1310067F15D /* CustomSDK */ = {
			isa = PBXNativeTarget;
			buildConfigurationList = E1ACB21F2AF8E1310067F15D /* Build configuration list for PBXNativeTarget "CustomSDK" */;
			buildPhases = (
				E1ACB2062AF8E1310067F15D /* Headers */,
				E1ACB2072AF8E1310067F15D /* Sources */,
				E1ACB2082AF8E1310067F15D /* Frameworks */,
				E1ACB2092AF8E1310067F15D /* Resources */,
			);
			buildRules = (
			);
			dependencies = (
			);
			name = CustomSDK;
			productName = CustomSDK;
			productReference = E1ACB20B2AF8E1310067F15D /* CustomSDK.framework */;
			productType = "com.apple.product-type.framework";
		};
		E1ACB2142AF8E1310067F15D /* CustomSDKTests */ = {
			isa = PBXNativeTarget;
			buildConfigurationList = E1ACB2222AF8E1310067F15D /* Build configuration list for PBXNativeTarget "CustomSDKTests" */;
			buildPhases = (
				E1ACB2112AF8E1310067F15D /* Sources */,
				E1ACB2122AF8E1310067F15D /* Frameworks */,
				E1ACB2132AF8E1310067F15D /* Resources */,
			);
			buildRules = (
			);
			dependencies = (
				E1ACB2182AF8E1310067F15D /* PBXTargetDependency */,
			);
			name = CustomSDKTests;
			productName = CustomSDKTests;
			productReference = E1ACB2152AF8E1310067F15D /* CustomSDKTests.xctest */;
			productType = "com.apple.product-type.bundle.unit-test";
		};
/* End PBXNativeTarget section */

/* Begin PBXProject section */
		E1ACB2022AF8E1310067F15D /* Project object */ = {
			isa = PBXProject;
			attributes = {
				BuildIndependentTargetsInParallel = 1;
				LastSwiftUpdateCheck = 1400;
				LastUpgradeCheck = 1400;
				TargetAttributes = {
					E1ACB20A2AF8E1310067F15D = {
						CreatedOnToolsVersion = 14.0;
					};
					E1ACB2142AF8E1310067F15D = {
						CreatedOnToolsVersion = 14.0;
					};
				};
			};
			buildConfigurationList = E1ACB2052AF8E1310067F15D /* Build configuration list for PBXProject "CustomSDK" */;
			compatibilityVersion = "Xcode 14.0";
			developmentRegion = en;
			hasScannedForEncodings = 0;
			knownRegions = (
				en,
				Base,
			);
			mainGroup = E1ACB2012AF8E1310067F15D;
			productRefGroup = E1ACB20C2AF8E1310067F15D /* Products */;
			projectDirPath = "";
			projectRoot = "";
			targets = (
				E1ACB20A2AF8E1310067F15D /* CustomSDK */,
				E1ACB2142AF8E1310067F15D /* CustomSDKTests */,
			);
		};
/* End PBXProject section */

/* Begin PBXResourcesBuildPhase section */
		E1ACB2092AF8E1310067F15D /* Resources */ = {
			isa = PBXResourcesBuildPhase;
			buildActionMask = 2147483647;
			files = (
				E1ACB22A2AF8FB700067F15D /* CustomSDK.podspec in Resources */,
			);
			runOnlyForDeploymentPostprocessing = 0;
		};
		E1ACB2132AF8E1310067F15D /* Resources */ = {
			isa = PBXResourcesBuildPhase;
			buildActionMask = 2147483647;
			files = (
			);
			runOnlyForDeploymentPostprocessing = 0;
		};
/* End PBXResourcesBuildPhase section */

/* Begin PBXSourcesBuildPhase section */
		E1ACB2072AF8E1310067F15D /* Sources */ = {
			isa = PBXSourcesBuildPhase;
			buildActionMask = 2147483647;
			files = (
				E1ACB2102AF8E1310067F15D /* CustomSDK.docc in Sources */,
				E1ACB2262AF8E2170067F15D /* CustomSDK.swift in Sources */,
				E1ACB2282AF8E7130067F15D /* CustomWebViewController.swift in Sources */,
			);
			runOnlyForDeploymentPostprocessing = 0;
		};
		E1ACB2112AF8E1310067F15D /* Sources */ = {
			isa = PBXSourcesBuildPhase;
			buildActionMask = 2147483647;
			files = (
				E1ACB21B2AF8E1310067F15D /* CustomSDKTests.swift in Sources */,
			);
			runOnlyForDeploymentPostprocessing = 0;
		};
/* End PBXSourcesBuildPhase section */

/* Begin PBXTargetDependency section */
		E1ACB2182AF8E1310067F15D /* PBXTargetDependency */ = {
			isa = PBXTargetDependency;
			target = E1ACB20A2AF8E1310067F15D /* CustomSDK */;
			targetProxy = E1ACB2172AF8E1310067F15D /* PBXContainerItemProxy */;
		};
/* End PBXTargetDependency section */

/* Begin XCBuildConfiguration section */
		E1ACB21D2AF8E1310067F15D /* Debug */ = {
			isa = XCBuildConfiguration;
			buildSettings = {
				ALWAYS_SEARCH_USER_PATHS = NO;
				CLANG_ANALYZER_NONNULL = YES;
				CLANG_ANALYZER_NUMBER_OBJECT_CONVERSION = YES_AGGRESSIVE;
				CLANG_CXX_LANGUAGE_STANDARD = "gnu++20";
				CLANG_ENABLE_MODULES = YES;
				CLANG_ENABLE_OBJC_ARC = YES;
				CLANG_ENABLE_OBJC_WEAK = YES;
				CLANG_WARN_BLOCK_CAPTURE_AUTORELEASING = YES;
				CLANG_WARN_BOOL_CONVERSION = YES;
				CLANG_WARN_COMMA = YES;
				CLANG_WARN_CONSTANT_CONVERSION = YES;
				CLANG_WARN_DEPRECATED_OBJC_IMPLEMENTATIONS = YES;
				CLANG_WARN_DIRECT_OBJC_ISA_USAGE = YES_ERROR;
				CLANG_WARN_DOCUMENTATION_COMMENTS = YES;
				CLANG_WARN_EMPTY_BODY = YES;
				CLANG_WARN_ENUM_CONVERSION = YES;
				CLANG_WARN_INFINITE_RECURSION = YES;
				CLANG_WARN_INT_CONVERSION = YES;
				CLANG_WARN_NON_LITERAL_NULL_CONVERSION = YES;
				CLANG_WARN_OBJC_IMPLICIT_RETAIN_SELF = YES;
				CLANG_WARN_OBJC_LITERAL_CONVERSION = YES;
				CLANG_WARN_OBJC_ROOT_CLASS = YES_ERROR;
				CLANG_WARN_QUOTED_INCLUDE_IN_FRAMEWORK_HEADER = YES;
				CLANG_WARN_RANGE_LOOP_ANALYSIS = YES;
				CLANG_WARN_STRICT_PROTOTYPES = YES;
				CLANG_WARN_SUSPICIOUS_MOVE = YES;
				CLANG_WARN_UNGUARDED_AVAILABILITY = YES_AGGRESSIVE;
				CLANG_WARN_UNREACHABLE_CODE = YES;
				CLANG_WARN__DUPLICATE_METHOD_MATCH = YES;
				COPY_PHASE_STRIP = NO;
				CURRENT_PROJECT_VERSION = 1;
				DEBUG_INFORMATION_FORMAT = dwarf;
				ENABLE_STRICT_OBJC_MSGSEND = YES;
				ENABLE_TESTABILITY = YES;
				GCC_C_LANGUAGE_STANDARD = gnu11;
				GCC_DYNAMIC_NO_PIC = NO;
				GCC_NO_COMMON_BLOCKS = YES;
				GCC_OPTIMIZATION_LEVEL = 0;
				GCC_PREPROCESSOR_DEFINITIONS = (
					"DEBUG=1",
					"$(inherited)",
				);
				GCC_WARN_64_TO_32_BIT_CONVERSION = YES;
				GCC_WARN_ABOUT_RETURN_TYPE = YES_ERROR;
				GCC_WARN_UNDECLARED_SELECTOR = YES;
				GCC_WARN_UNINITIALIZED_AUTOS = YES_AGGRESSIVE;
				GCC_WARN_UNUSED_FUNCTION = YES;
				GCC_WARN_UNUSED_VARIABLE = YES;
				IPHONEOS_DEPLOYMENT_TARGET = 16.0;
				MTL_ENABLE_DEBUG_INFO = INCLUDE_SOURCE;
				MTL_FAST_MATH = YES;
				ONLY_ACTIVE_ARCH = YES;
				SDKROOT = iphoneos;
				SWIFT_ACTIVE_COMPILATION_CONDITIONS = DEBUG;
				SWIFT_OPTIMIZATION_LEVEL = "-Onone";
				VERSIONING_SYSTEM = "apple-generic";
				VERSION_INFO_PREFIX = "";
			};
			name = Debug;
		};
		E1ACB21E2AF8E1310067F15D /* Release */ = {
			isa = XCBuildConfiguration;
			buildSettings = {
				ALWAYS_SEARCH_USER_PATHS = NO;
				CLANG_ANALYZER_NONNULL = YES;
				CLANG_ANALYZER_NUMBER_OBJECT_CONVERSION = YES_AGGRESSIVE;
				CLANG_CXX_LANGUAGE_STANDARD = "gnu++20";
				CLANG_ENABLE_MODULES = YES;
				CLANG_ENABLE_OBJC_ARC = YES;
				CLANG_ENABLE_OBJC_WEAK = YES;
				CLANG_WARN_BLOCK_CAPTURE_AUTORELEASING = YES;
				CLANG_WARN_BOOL_CONVERSION = YES;
				CLANG_WARN_COMMA = YES;
				CLANG_WARN_CONSTANT_CONVERSION = YES;
				CLANG_WARN_DEPRECATED_OBJC_IMPLEMENTATIONS = YES;
				CLANG_WARN_DIRECT_OBJC_ISA_USAGE = YES_ERROR;
				CLANG_WARN_DOCUMENTATION_COMMENTS = YES;
				CLANG_WARN_EMPTY_BODY = YES;
				CLANG_WARN_ENUM_CONVERSION = YES;
				CLANG_WARN_INFINITE_RECURSION = YES;
				CLANG_WARN_INT_CONVERSION = YES;
				CLANG_WARN_NON_LITERAL_NULL_CONVERSION = YES;
				CLANG_WARN_OBJC_IMPLICIT_RETAIN_SELF = YES;
				CLANG_WARN_OBJC_LITERAL_CONVERSION = YES;
				CLANG_WARN_OBJC_ROOT_CLASS = YES_ERROR;
				CLANG_WARN_QUOTED_INCLUDE_IN_FRAMEWORK_HEADER = YES;
				CLANG_WARN_RANGE_LOOP_ANALYSIS = YES;
				CLANG_WARN_STRICT_PROTOTYPES = YES;
				CLANG_WARN_SUSPICIOUS_MOVE = YES;
				CLANG_WARN_UNGUARDED_AVAILABILITY = YES_AGGRESSIVE;
				CLANG_WARN_UNREACHABLE_CODE = YES;
				CLANG_WARN__DUPLICATE_METHOD_MATCH = YES;
				COPY_PHASE_STRIP = NO;
				CURRENT_PROJECT_VERSION = 1;
				DEBUG_INFORMATION_FORMAT = "dwarf-with-dsym";
				ENABLE_NS_ASSERTIONS = NO;
				ENABLE_STRICT_OBJC_MSGSEND = YES;
				GCC_C_LANGUAGE_STANDARD = gnu11;
				GCC_NO_COMMON_BLOCKS = YES;
				GCC_WARN_64_TO_32_BIT_CONVERSION = YES;
				GCC_WARN_ABOUT_RETURN_TYPE = YES_ERROR;
				GCC_WARN_UNDECLARED_SELECTOR = YES;
				GCC_WARN_UNINITIALIZED_AUTOS = YES_AGGRESSIVE;
				GCC_WARN_UNUSED_FUNCTION = YES;
				GCC_WARN_UNUSED_VARIABLE = YES;
				IPHONEOS_DEPLOYMENT_TARGET = 16.0;
				MTL_ENABLE_DEBUG_INFO = NO;
				MTL_FAST_MATH = YES;
				SDKROOT = iphoneos;
				SWIFT_COMPILATION_MODE = wholemodule;
				SWIFT_OPTIMIZATION_LEVEL = "-O";
				VALIDATE_PRODUCT = YES;
				VERSIONING_SYSTEM = "apple-generic";
				VERSION_INFO_PREFIX = "";
			};
			name = Release;
		};
		E1ACB2202AF8E1310067F15D /* Debug */ = {
			isa = XCBuildConfiguration;
			buildSettings = {
				CODE_SIGN_STYLE = Automatic;
				CURRENT_PROJECT_VERSION = 1;
				DEFINES_MODULE = YES;
				DEVELOPMENT_TEAM = HWWL8VC89L;
				DYLIB_COMPATIBILITY_VERSION = 1;
				DYLIB_CURRENT_VERSION = 1;
				DYLIB_INSTALL_NAME_BASE = "@rpath";
				GENERATE_INFOPLIST_FILE = YES;
				INFOPLIST_KEY_NSHumanReadableCopyright = "";
				INSTALL_PATH = "$(LOCAL_LIBRARY_DIR)/Frameworks";
				IPHONEOS_DEPLOYMENT_TARGET = 15.0;
				LD_RUNPATH_SEARCH_PATHS = (
					"$(inherited)",
					"@executable_path/Frameworks",
					"@loader_path/Frameworks",
				);
				MARKETING_VERSION = 1.0.0;
				PRODUCT_BUNDLE_IDENTIFIER = com.grayquest.CustomSDK;
				PRODUCT_NAME = "$(TARGET_NAME:c99extidentifier)";
				SKIP_INSTALL = YES;
				SWIFT_EMIT_LOC_STRINGS = YES;
				SWIFT_VERSION = 5.0;
				TARGETED_DEVICE_FAMILY = "1,2";
			};
			name = Debug;
		};
		E1ACB2212AF8E1310067F15D /* Release */ = {
			isa = XCBuildConfiguration;
			buildSettings = {
				CODE_SIGN_STYLE = Automatic;
				CURRENT_PROJECT_VERSION = 1;
				DEFINES_MODULE = YES;
				DEVELOPMENT_TEAM = HWWL8VC89L;
				DYLIB_COMPATIBILITY_VERSION = 1;
				DYLIB_CURRENT_VERSION = 1;
				DYLIB_INSTALL_NAME_BASE = "@rpath";
				GENERATE_INFOPLIST_FILE = YES;
				INFOPLIST_KEY_NSHumanReadableCopyright = "";
				INSTALL_PATH = "$(LOCAL_LIBRARY_DIR)/Frameworks";
				IPHONEOS_DEPLOYMENT_TARGET = 15.0;
				LD_RUNPATH_SEARCH_PATHS = (
					"$(inherited)",
					"@executable_path/Frameworks",
					"@loader_path/Frameworks",
				);
				MARKETING_VERSION = 1.0.0;
				PRODUCT_BUNDLE_IDENTIFIER = com.grayquest.CustomSDK;
				PRODUCT_NAME = "$(TARGET_NAME:c99extidentifier)";
				SKIP_INSTALL = YES;
				SWIFT_EMIT_LOC_STRINGS = YES;
				SWIFT_VERSION = 5.0;
				TARGETED_DEVICE_FAMILY = "1,2";
			};
			name = Release;
		};
		E1ACB2232AF8E1310067F15D /* Debug */ = {
			isa = XCBuildConfiguration;
			buildSettings = {
				ALWAYS_EMBED_SWIFT_STANDARD_LIBRARIES = YES;
				CODE_SIGN_STYLE = Automatic;
				CURRENT_PROJECT_VERSION = 1;
				DEVELOPMENT_TEAM = HWWL8VC89L;
				GENERATE_INFOPLIST_FILE = YES;
				MARKETING_VERSION = 1.0;
				PRODUCT_BUNDLE_IDENTIFIER = com.grayquest.CustomSDKTests;
				PRODUCT_NAME = "$(TARGET_NAME)";
				SWIFT_EMIT_LOC_STRINGS = NO;
				SWIFT_VERSION = 5.0;
				TARGETED_DEVICE_FAMILY = "1,2";
			};
			name = Debug;
		};
		E1ACB2242AF8E1310067F15D /* Release */ = {
			isa = XCBuildConfiguration;
			buildSettings = {
				ALWAYS_EMBED_SWIFT_STANDARD_LIBRARIES = YES;
				CODE_SIGN_STYLE = Automatic;
				CURRENT_PROJECT_VERSION = 1;
				DEVELOPMENT_TEAM = HWWL8VC89L;
				GENERATE_INFOPLIST_FILE = YES;
				MARKETING_VERSION = 1.0;
				PRODUCT_BUNDLE_IDENTIFIER = com.grayquest.CustomSDKTests;
				PRODUCT_NAME = "$(TARGET_NAME)";
				SWIFT_EMIT_LOC_STRINGS = NO;
				SWIFT_VERSION = 5.0;
				TARGETED_DEVICE_FAMILY = "1,2";
			};
			name = Release;
		};
/* End XCBuildConfiguration section */

/* Begin XCConfigurationList section */
		E1ACB2052AF8E1310067F15D /* Build configuration list for PBXProject "CustomSDK" */ = {
			isa = XCConfigurationList;
			buildConfigurations = (
				E1ACB21D2AF8E1310067F15D /* Debug */,
				E1ACB21E2AF8E1310067F15D /* Release */,
			);
			defaultConfigurationIsVisible = 0;
			defaultConfigurationName = Release;
		};
		E1ACB21F2AF8E1310067F15D /* Build configuration list for PBXNativeTarget "CustomSDK" */ = {
			isa = XCConfigurationList;
			buildConfigurations = (
				E1ACB2202AF8E1310067F15D /* Debug */,
				E1ACB2212AF8E1310067F15D /* Release */,
			);
			defaultConfigurationIsVisible = 0;
			defaultConfigurationName = Release;
		};
		E1ACB2222AF8E1310067F15D /* Build configuration list for PBXNativeTarget "CustomSDKTests" */ = {
			isa = XCConfigurationList;
			buildConfigurations = (
				E1ACB2232AF8E1310067F15D /* Debug */,
				E1ACB2242AF8E1310067F15D /* Release */,
			);
			defaultConfigurationIsVisible = 0;
			defaultConfigurationName = Release;
		};
/* End XCConfigurationList section */
	};
	rootObject = E1ACB2022AF8E1310067F15D /* Project object */;
}
